
Microsoft Visual Studio Solution File, Format Version 12.00
# Visual Studio 15
VisualStudioVersion = 15.0.27130.2036
MinimumVisualStudioVersion = 10.0.40219.1
Project("{FAE04EC0-301F-11D3-BF4B-00C04F79EFBC}") = "Задача 6", "Задача 6\Задача 6.csproj", "{718BFDEF-99FE-43CE-930F-3D47B504A230}"
EndProject
Global
	GlobalSection(SolutionConfigurationPlatforms) = preSolution
		Debug|Any CPU = Debug|Any CPU
		Release|Any CPU = Release|Any CPU
	EndGlobalSection
	GlobalSection(ProjectConfigurationPlatforms) = postSolution
		{718BFDEF-99FE-43CE-930F-3D47B504A230}.Debug|Any CPU.ActiveCfg = Debug|Any CPU
		{718BFDEF-99FE-43CE-930F-3D47B504A230}.Debug|Any CPU.Build.0 = Debug|Any CPU
		{718BFDEF-99FE-43CE-930F-3D47B504A230}.Release|Any CPU.ActiveCfg = Release|Any CPU
		{718BFDEF-99FE-43CE-930F-3D47B504A230}.Release|Any CPU.Build.0 = Release|Any CPU
	EndGlobalSection
	GlobalSection(SolutionProperties) = preSolution
		HideSolutionNode = FALSE
	EndGlobalSection
	GlobalSection(ExtensibilityGlobals) = postSolution
		SolutionGuid = {4041E4ED-2BE6-462A-8A8F-B079B47560EF}
	EndGlobalSection
EndGlobal
